
Microsoft Visual Studio Solution File, Format Version 12.00
# Visual Studio Version 17
VisualStudioVersion = 17.10.35013.160
MinimumVisualStudioVersion = 10.0.40219.1
Project("{9A19103F-16F7-4668-BE54-9A1E7A4F7556}") = "ApiProject", "ApiProject.csproj", "{7AF1DEEA-C28B-4FAF-995E-85F6090508B3}"
EndProject
Global
	GlobalSection(SolutionConfigurationPlatforms) = preSolution
		Debug|Any CPU = Debug|Any CPU
		Release|Any CPU = Release|Any CPU
	EndGlobalSection
	GlobalSection(ProjectConfigurationPlatforms) = postSolution
		{7AF1DEEA-C28B-4FAF-995E-85F6090508B3}.Debug|Any CPU.ActiveCfg = Debug|Any CPU
		{7AF1DEEA-C28B-4FAF-995E-85F6090508B3}.Debug|Any CPU.Build.0 = Debug|Any CPU
		{7AF1DEEA-C28B-4FAF-995E-85F6090508B3}.Release|Any CPU.ActiveCfg = Release|Any CPU
		{7AF1DEEA-C28B-4FAF-995E-85F6090508B3}.Release|Any CPU.Build.0 = Release|Any CPU
	EndGlobalSection
	GlobalSection(SolutionProperties) = preSolution
		HideSolutionNode = FALSE
	EndGlobalSection
	GlobalSection(ExtensibilityGlobals) = postSolution
		SolutionGuid = {8A007A91-0B8F-4587-B17E-B7CB13C538A7}
	EndGlobalSection
EndGlobal
